
Microsoft Visual Studio Solution File, Format Version 12.00
# Visual Studio Version 16
VisualStudioVersion = 16.0.30621.155
MinimumVisualStudioVersion = 10.0.40219.1
Project("{2150E333-8FDC-42A3-9474-1A3956D46DE8}") = "Model", "Model", "{945FF4B7-1305-4520-9F3C-85CEE58ADF2E}"
EndProject
Project("{9A19103F-16F7-4668-BE54-9A1E7A4F7556}") = "Entity", "Entity\Entity.csproj", "{0CD0BEBE-ABE2-4047-A525-FB181813F1F8}"
EndProject
Project("{9A19103F-16F7-4668-BE54-9A1E7A4F7556}") = "DAL", "DAL\DAL.csproj", "{427D0113-945E-4963-8A60-A47B2B9C305F}"
EndProject
Project("{2150E333-8FDC-42A3-9474-1A3956D46DE8}") = "DAL", "DAL", "{D9C51553-A31D-4707-B30F-0054EA037F6A}"
EndProject
Project("{2150E333-8FDC-42A3-9474-1A3956D46DE8}") = "BLL", "BLL", "{97D71170-5038-4F17-A94F-C0B7EC76FD62}"
EndProject
Project("{9A19103F-16F7-4668-BE54-9A1E7A4F7556}") = "MssqlRepository", "MssqlRepository\MssqlRepository.csproj", "{D2AF2B48-686A-4CE2-A9AF-FBD819F37296}"
EndProject
Project("{2150E333-8FDC-42A3-9474-1A3956D46DE8}") = "API", "API", "{F52978CC-6890-41FE-9AFB-44195E1CF1A5}"
EndProject
Project("{9A19103F-16F7-4668-BE54-9A1E7A4F7556}") = "ToDo", "ToDo\ToDo.csproj", "{345104C2-1A5F-4F90-A2B2-DAA2A4CAD4F2}"
EndProject
Project("{9A19103F-16F7-4668-BE54-9A1E7A4F7556}") = "Logger", "Logger\Logger.csproj", "{9F6E2500-5670-4939-9121-0720A0C88D91}"
EndProject
Project("{9A19103F-16F7-4668-BE54-9A1E7A4F7556}") = "Services", "Services\Services.csproj", "{F95D96C9-7079-4620-980B-6F89E915599C}"
EndProject
Project("{9A19103F-16F7-4668-BE54-9A1E7A4F7556}") = "ApiModels", "ApiModels\ApiModels.csproj", "{AB74AB1F-9956-42E3-8017-09941F5A7192}"
EndProject
Project("{2150E333-8FDC-42A3-9474-1A3956D46DE8}") = "UI", "UI", "{86E1F4A3-06A5-448C-B49F-3EA5461597E0}"
EndProject
Project("{FAE04EC0-301F-11D3-BF4B-00C04F79EFBC}") = "Panel", "Panel\Panel.csproj", "{1232B557-3C3F-4B85-83A2-2716A9FC2B00}"
EndProject
Global
	GlobalSection(SolutionConfigurationPlatforms) = preSolution
		Debug|Any CPU = Debug|Any CPU
		Release|Any CPU = Release|Any CPU
	EndGlobalSection
	GlobalSection(ProjectConfigurationPlatforms) = postSolution
		{0CD0BEBE-ABE2-4047-A525-FB181813F1F8}.Debug|Any CPU.ActiveCfg = Debug|Any CPU
		{0CD0BEBE-ABE2-4047-A525-FB181813F1F8}.Debug|Any CPU.Build.0 = Debug|Any CPU
		{0CD0BEBE-ABE2-4047-A525-FB181813F1F8}.Release|Any CPU.ActiveCfg = Release|Any CPU
		{0CD0BEBE-ABE2-4047-A525-FB181813F1F8}.Release|Any CPU.Build.0 = Release|Any CPU
		{427D0113-945E-4963-8A60-A47B2B9C305F}.Debug|Any CPU.ActiveCfg = Debug|Any CPU
		{427D0113-945E-4963-8A60-A47B2B9C305F}.Debug|Any CPU.Build.0 = Debug|Any CPU
		{427D0113-945E-4963-8A60-A47B2B9C305F}.Release|Any CPU.ActiveCfg = Release|Any CPU
		{427D0113-945E-4963-8A60-A47B2B9C305F}.Release|Any CPU.Build.0 = Release|Any CPU
		{D2AF2B48-686A-4CE2-A9AF-FBD819F37296}.Debug|Any CPU.ActiveCfg = Debug|Any CPU
		{D2AF2B48-686A-4CE2-A9AF-FBD819F37296}.Debug|Any CPU.Build.0 = Debug|Any CPU
		{D2AF2B48-686A-4CE2-A9AF-FBD819F37296}.Release|Any CPU.ActiveCfg = Release|Any CPU
		{D2AF2B48-686A-4CE2-A9AF-FBD819F37296}.Release|Any CPU.Build.0 = Release|Any CPU
		{345104C2-1A5F-4F90-A2B2-DAA2A4CAD4F2}.Debug|Any CPU.ActiveCfg = Debug|Any CPU
		{345104C2-1A5F-4F90-A2B2-DAA2A4CAD4F2}.Debug|Any CPU.Build.0 = Debug|Any CPU
		{345104C2-1A5F-4F90-A2B2-DAA2A4CAD4F2}.Release|Any CPU.ActiveCfg = Release|Any CPU
		{345104C2-1A5F-4F90-A2B2-DAA2A4CAD4F2}.Release|Any CPU.Build.0 = Release|Any CPU
		{9F6E2500-5670-4939-9121-0720A0C88D91}.Debug|Any CPU.ActiveCfg = Debug|Any CPU
		{9F6E2500-5670-4939-9121-0720A0C88D91}.Debug|Any CPU.Build.0 = Debug|Any CPU
		{9F6E2500-5670-4939-9121-0720A0C88D91}.Release|Any CPU.ActiveCfg = Release|Any CPU
		{9F6E2500-5670-4939-9121-0720A0C88D91}.Release|Any CPU.Build.0 = Release|Any CPU
		{F95D96C9-7079-4620-980B-6F89E915599C}.Debug|Any CPU.ActiveCfg = Debug|Any CPU
		{F95D96C9-7079-4620-980B-6F89E915599C}.Debug|Any CPU.Build.0 = Debug|Any CPU
		{F95D96C9-7079-4620-980B-6F89E915599C}.Release|Any CPU.ActiveCfg = Release|Any CPU
		{F95D96C9-7079-4620-980B-6F89E915599C}.Release|Any CPU.Build.0 = Release|Any CPU
		{AB74AB1F-9956-42E3-8017-09941F5A7192}.Debug|Any CPU.ActiveCfg = Debug|Any CPU
		{AB74AB1F-9956-42E3-8017-09941F5A7192}.Debug|Any CPU.Build.0 = Debug|Any CPU
		{AB74AB1F-9956-42E3-8017-09941F5A7192}.Release|Any CPU.ActiveCfg = Release|Any CPU
		{AB74AB1F-9956-42E3-8017-09941F5A7192}.Release|Any CPU.Build.0 = Release|Any CPU
		{1232B557-3C3F-4B85-83A2-2716A9FC2B00}.Debug|Any CPU.ActiveCfg = Debug|Any CPU
		{1232B557-3C3F-4B85-83A2-2716A9FC2B00}.Debug|Any CPU.Build.0 = Debug|Any CPU
		{1232B557-3C3F-4B85-83A2-2716A9FC2B00}.Release|Any CPU.ActiveCfg = Release|Any CPU
		{1232B557-3C3F-4B85-83A2-2716A9FC2B00}.Release|Any CPU.Build.0 = Release|Any CPU
	EndGlobalSection
	GlobalSection(SolutionProperties) = preSolution
		HideSolutionNode = FALSE
	EndGlobalSection
	GlobalSection(NestedProjects) = preSolution
		{0CD0BEBE-ABE2-4047-A525-FB181813F1F8} = {945FF4B7-1305-4520-9F3C-85CEE58ADF2E}
		{427D0113-945E-4963-8A60-A47B2B9C305F} = {D9C51553-A31D-4707-B30F-0054EA037F6A}
		{D2AF2B48-686A-4CE2-A9AF-FBD819F37296} = {97D71170-5038-4F17-A94F-C0B7EC76FD62}
		{345104C2-1A5F-4F90-A2B2-DAA2A4CAD4F2} = {F52978CC-6890-41FE-9AFB-44195E1CF1A5}
		{9F6E2500-5670-4939-9121-0720A0C88D91} = {97D71170-5038-4F17-A94F-C0B7EC76FD62}
		{F95D96C9-7079-4620-980B-6F89E915599C} = {97D71170-5038-4F17-A94F-C0B7EC76FD62}
		{AB74AB1F-9956-42E3-8017-09941F5A7192} = {945FF4B7-1305-4520-9F3C-85CEE58ADF2E}
		{1232B557-3C3F-4B85-83A2-2716A9FC2B00} = {86E1F4A3-06A5-448C-B49F-3EA5461597E0}
	EndGlobalSection
	GlobalSection(ExtensibilityGlobals) = postSolution
		SolutionGuid = {0BA79DBF-E89B-4B5A-A886-02E930352434}
	EndGlobalSection
EndGlobal
